{
    __meta__ = {
        version = "1.0"
    },
    ["windows|x64"] = {
        ["cmake#31fecfc4"] = {
            repo = {
                branch = "master",
                commit = "e4c278c2556a5db201bbb0ddcaf145ba7e9614a3",
                url = "https://gitlab.com/tboox/xmake-repo.git"
            },
            version = "3.29.0-rc1"
        },
        ["commonlib-shared ce4414f593ae9c0c084c5b44e4be8620630e5921#2add50e2"] = {
            repo = {
                commit = "47eca6ffcb79208b9f757df369b2ddad322aac16",
                url = "https://github.com/libxse/libxse-xrepo"
            },
            version = "ce4414f5"
        },
        ["ninja#31fecfc4"] = {
            repo = {
                branch = "master",
                commit = "e4c278c2556a5db201bbb0ddcaf145ba7e9614a3",
                url = "https://gitlab.com/tboox/xmake-repo.git"
            },
            version = "1.10.2"
        },
        ["simpleini#31fecfc4"] = {
            repo = {
                branch = "master",
                commit = "eb477cd7bf5b0b79515a87736c96dc4fa68449b8",
                url = "https://gitlab.com/tboox/xmake-repo.git"
            },
            version = "v4.22"
        },
        ["spdlog#9c36f0a9"] = {
            repo = {
                branch = "master",
                commit = "da016bf271a4a37cd9e89cf772b0d3d730767843",
                url = "https://gitlab.com/tboox/xmake-repo.git"
            },
            version = "v1.15.2"
        }
    }
}